// !$*UTF8*$!
{
	archiveVersion = 1;
	classes = {
	};
	objectVersion = 55;
	objects = {

/* Begin PBXBuildFile section */
		6B70BE222860E3C800B1A48A /* AfterThirdAssembley.swift in Sources */ = {isa = PBXBuildFile; fileRef = 6B70BE212860E3C800B1A48A /* AfterThirdAssembley.swift */; };
		6B70BE242860E43B00B1A48A /* AfterThirdViewModel.swift in Sources */ = {isa = PBXBuildFile; fileRef = 6B70BE232860E43B00B1A48A /* AfterThirdViewModel.swift */; };
		6B70BE262860E45100B1A48A /* AfterThirdViewModelImp.swift in Sources */ = {isa = PBXBuildFile; fileRef = 6B70BE252860E45100B1A48A /* AfterThirdViewModelImp.swift */; };
		6B70BE282860E59800B1A48A /* AfterThirdView.swift in Sources */ = {isa = PBXBuildFile; fileRef = 6B70BE272860E59800B1A48A /* AfterThirdView.swift */; };
		6B70BE2A2860E62100B1A48A /* AfterThirdViewController.swift in Sources */ = {isa = PBXBuildFile; fileRef = 6B70BE292860E62100B1A48A /* AfterThirdViewController.swift */; };
		6B70BE302860EA9800B1A48A /* AfterSecondAssembley.swift in Sources */ = {isa = PBXBuildFile; fileRef = 6B70BE2F2860EA9800B1A48A /* AfterSecondAssembley.swift */; };
		6B70BE322860EB3700B1A48A /* AfterSecondView.swift in Sources */ = {isa = PBXBuildFile; fileRef = 6B70BE312860EB3700B1A48A /* AfterSecondView.swift */; };
		6B70BE342860EB4600B1A48A /* AfterSecondViewController.swift in Sources */ = {isa = PBXBuildFile; fileRef = 6B70BE332860EB4600B1A48A /* AfterSecondViewController.swift */; };
		6B70BE362860EB6400B1A48A /* AfterSecondViewModel.swift in Sources */ = {isa = PBXBuildFile; fileRef = 6B70BE352860EB6400B1A48A /* AfterSecondViewModel.swift */; };
		6B70BE382860EB8900B1A48A /* AfterSecondViewModelImp.swift in Sources */ = {isa = PBXBuildFile; fileRef = 6B70BE372860EB8900B1A48A /* AfterSecondViewModelImp.swift */; };
		6B70BE3E2860F5F600B1A48A /* FinalAssembley.swift in Sources */ = {isa = PBXBuildFile; fileRef = 6B70BE3D2860F5F600B1A48A /* FinalAssembley.swift */; };
		6B70BE402860F62C00B1A48A /* FinalView.swift in Sources */ = {isa = PBXBuildFile; fileRef = 6B70BE3F2860F62C00B1A48A /* FinalView.swift */; };
		6B70BE422860F63A00B1A48A /* FinalViewController.swift in Sources */ = {isa = PBXBuildFile; fileRef = 6B70BE412860F63A00B1A48A /* FinalViewController.swift */; };
		6B7BDEBB284256CE002FBD1E /* AppDelegate.swift in Sources */ = {isa = PBXBuildFile; fileRef = 6B7BDEBA284256CE002FBD1E /* AppDelegate.swift */; };
		6B7BDEBD284256CE002FBD1E /* SceneDelegate.swift in Sources */ = {isa = PBXBuildFile; fileRef = 6B7BDEBC284256CE002FBD1E /* SceneDelegate.swift */; };
		6B7BDEBF284256CE002FBD1E /* StartViewController.swift in Sources */ = {isa = PBXBuildFile; fileRef = 6B7BDEBE284256CE002FBD1E /* StartViewController.swift */; };
		6B7BDEC4284256D0002FBD1E /* Assets.xcassets in Resources */ = {isa = PBXBuildFile; fileRef = 6B7BDEC3284256D0002FBD1E /* Assets.xcassets */; };
		6B7BDEC7284256D0002FBD1E /* LaunchScreen.storyboard in Resources */ = {isa = PBXBuildFile; fileRef = 6B7BDEC5284256D0002FBD1E /* LaunchScreen.storyboard */; };
		6B7BDEF128428C27002FBD1E /* StartView.swift in Sources */ = {isa = PBXBuildFile; fileRef = 6B7BDEF028428C27002FBD1E /* StartView.swift */; };
		6B7BDEF328428C3A002FBD1E /* SecondViewController.swift in Sources */ = {isa = PBXBuildFile; fileRef = 6B7BDEF228428C3A002FBD1E /* SecondViewController.swift */; };
		6B7BDEF528428C45002FBD1E /* SecondView.swift in Sources */ = {isa = PBXBuildFile; fileRef = 6B7BDEF428428C45002FBD1E /* SecondView.swift */; };
		6B7D6CDE285F0123009D2558 /* ComparePlayerGuess.swift in Sources */ = {isa = PBXBuildFile; fileRef = 6B7D6CDD285F0123009D2558 /* ComparePlayerGuess.swift */; };
		6B7D6CE0285F03C0009D2558 /* PlayerGuessManager.swift in Sources */ = {isa = PBXBuildFile; fileRef = 6B7D6CDF285F03C0009D2558 /* PlayerGuessManager.swift */; };
		6B7D6CE2285F04B8009D2558 /* PlayerGuessManagerImp.swift in Sources */ = {isa = PBXBuildFile; fileRef = 6B7D6CE1285F04B8009D2558 /* PlayerGuessManagerImp.swift */; };
		6BB05CEA284BB05E00DC6C88 /* ThirdAssembley.swift in Sources */ = {isa = PBXBuildFile; fileRef = 6BB05CE9284BB05E00DC6C88 /* ThirdAssembley.swift */; };
		6BB05CEC284BB07000DC6C88 /* ThirdViewController.swift in Sources */ = {isa = PBXBuildFile; fileRef = 6BB05CEB284BB07000DC6C88 /* ThirdViewController.swift */; };
		6BB05CEE284BB08600DC6C88 /* ThirdView.swift in Sources */ = {isa = PBXBuildFile; fileRef = 6BB05CED284BB08600DC6C88 /* ThirdView.swift */; };
		6BB05CF0284BB0AC00DC6C88 /* ThirdViewModel.swift in Sources */ = {isa = PBXBuildFile; fileRef = 6BB05CEF284BB0AC00DC6C88 /* ThirdViewModel.swift */; };
		6BB05CF2284BB0BE00DC6C88 /* ThirdViewModelImp.swift in Sources */ = {isa = PBXBuildFile; fileRef = 6BB05CF1284BB0BE00DC6C88 /* ThirdViewModelImp.swift */; };
		6BB57EA128437CE8000BC737 /* StartViewModel.swift in Sources */ = {isa = PBXBuildFile; fileRef = 6BB57EA028437CE8000BC737 /* StartViewModel.swift */; };
		6BB57EA328437D41000BC737 /* StartViewModelImp.swift in Sources */ = {isa = PBXBuildFile; fileRef = 6BB57EA228437D41000BC737 /* StartViewModelImp.swift */; };
		6BB57EA52843820F000BC737 /* StartAssembly.swift in Sources */ = {isa = PBXBuildFile; fileRef = 6BB57EA42843820F000BC737 /* StartAssembly.swift */; };
		6BB57EAB284385BA000BC737 /* SecondViewModel.swift in Sources */ = {isa = PBXBuildFile; fileRef = 6BB57EAA284385BA000BC737 /* SecondViewModel.swift */; };
		6BB57EAD284385CB000BC737 /* SecondViewModelImp.swift in Sources */ = {isa = PBXBuildFile; fileRef = 6BB57EAC284385CB000BC737 /* SecondViewModelImp.swift */; };
		6BB57EAF28438666000BC737 /* SecondAssembley.swift in Sources */ = {isa = PBXBuildFile; fileRef = 6BB57EAE28438666000BC737 /* SecondAssembley.swift */; };
		6BB57EB52843906F000BC737 /* ComputerGuessManager.swift in Sources */ = {isa = PBXBuildFile; fileRef = 6BB57EB42843906F000BC737 /* ComputerGuessManager.swift */; };
		6BB57EB828439091000BC737 /* ComputerGuessManagerImp.swift in Sources */ = {isa = PBXBuildFile; fileRef = 6BB57EB728439091000BC737 /* ComputerGuessManagerImp.swift */; };
/* End PBXBuildFile section */

/* Begin PBXFileReference section */
		6B70BE212860E3C800B1A48A /* AfterThirdAssembley.swift */ = {isa = PBXFileReference; lastKnownFileType = sourcecode.swift; path = AfterThirdAssembley.swift; sourceTree = "<group>"; };
		6B70BE232860E43B00B1A48A /* AfterThirdViewModel.swift */ = {isa = PBXFileReference; lastKnownFileType = sourcecode.swift; path = AfterThirdViewModel.swift; sourceTree = "<group>"; };
		6B70BE252860E45100B1A48A /* AfterThirdViewModelImp.swift */ = {isa = PBXFileReference; lastKnownFileType = sourcecode.swift; path = AfterThirdViewModelImp.swift; sourceTree = "<group>"; };
		6B70BE272860E59800B1A48A /* AfterThirdView.swift */ = {isa = PBXFileReference; lastKnownFileType = sourcecode.swift; path = AfterThirdView.swift; sourceTree = "<group>"; };
		6B70BE292860E62100B1A48A /* AfterThirdViewController.swift */ = {isa = PBXFileReference; lastKnownFileType = sourcecode.swift; path = AfterThirdViewController.swift; sourceTree = "<group>"; };
		6B70BE2F2860EA9800B1A48A /* AfterSecondAssembley.swift */ = {isa = PBXFileReference; lastKnownFileType = sourcecode.swift; path = AfterSecondAssembley.swift; sourceTree = "<group>"; };
		6B70BE312860EB3700B1A48A /* AfterSecondView.swift */ = {isa = PBXFileReference; lastKnownFileType = sourcecode.swift; path = AfterSecondView.swift; sourceTree = "<group>"; };
		6B70BE332860EB4600B1A48A /* AfterSecondViewController.swift */ = {isa = PBXFileReference; lastKnownFileType = sourcecode.swift; path = AfterSecondViewController.swift; sourceTree = "<group>"; };
		6B70BE352860EB6400B1A48A /* AfterSecondViewModel.swift */ = {isa = PBXFileReference; lastKnownFileType = sourcecode.swift; path = AfterSecondViewModel.swift; sourceTree = "<group>"; };
		6B70BE372860EB8900B1A48A /* AfterSecondViewModelImp.swift */ = {isa = PBXFileReference; lastKnownFileType = sourcecode.swift; path = AfterSecondViewModelImp.swift; sourceTree = "<group>"; };
		6B70BE3D2860F5F600B1A48A /* FinalAssembley.swift */ = {isa = PBXFileReference; lastKnownFileType = sourcecode.swift; path = FinalAssembley.swift; sourceTree = "<group>"; };
		6B70BE3F2860F62C00B1A48A /* FinalView.swift */ = {isa = PBXFileReference; lastKnownFileType = sourcecode.swift; path = FinalView.swift; sourceTree = "<group>"; };
		6B70BE412860F63A00B1A48A /* FinalViewController.swift */ = {isa = PBXFileReference; lastKnownFileType = sourcecode.swift; path = FinalViewController.swift; sourceTree = "<group>"; };
		6B7BDEB7284256CE002FBD1E /* GitTestGame.app */ = {isa = PBXFileReference; explicitFileType = wrapper.application; includeInIndex = 0; path = GitTestGame.app; sourceTree = BUILT_PRODUCTS_DIR; };
		6B7BDEBA284256CE002FBD1E /* AppDelegate.swift */ = {isa = PBXFileReference; lastKnownFileType = sourcecode.swift; path = AppDelegate.swift; sourceTree = "<group>"; };
		6B7BDEBC284256CE002FBD1E /* SceneDelegate.swift */ = {isa = PBXFileReference; lastKnownFileType = sourcecode.swift; path = SceneDelegate.swift; sourceTree = "<group>"; };
		6B7BDEBE284256CE002FBD1E /* StartViewController.swift */ = {isa = PBXFileReference; lastKnownFileType = sourcecode.swift; path = StartViewController.swift; sourceTree = "<group>"; };
		6B7BDEC3284256D0002FBD1E /* Assets.xcassets */ = {isa = PBXFileReference; lastKnownFileType = folder.assetcatalog; path = Assets.xcassets; sourceTree = "<group>"; };
		6B7BDEC6284256D0002FBD1E /* Base */ = {isa = PBXFileReference; lastKnownFileType = file.storyboard; name = Base; path = Base.lproj/LaunchScreen.storyboard; sourceTree = "<group>"; };
		6B7BDEC8284256D0002FBD1E /* Info.plist */ = {isa = PBXFileReference; lastKnownFileType = text.plist.xml; path = Info.plist; sourceTree = "<group>"; };
		6B7BDEF028428C27002FBD1E /* StartView.swift */ = {isa = PBXFileReference; lastKnownFileType = sourcecode.swift; path = StartView.swift; sourceTree = "<group>"; };
		6B7BDEF228428C3A002FBD1E /* SecondViewController.swift */ = {isa = PBXFileReference; lastKnownFileType = sourcecode.swift; path = SecondViewController.swift; sourceTree = "<group>"; };
		6B7BDEF428428C45002FBD1E /* SecondView.swift */ = {isa = PBXFileReference; lastKnownFileType = sourcecode.swift; path = SecondView.swift; sourceTree = "<group>"; };
		6B7D6CDD285F0123009D2558 /* ComparePlayerGuess.swift */ = {isa = PBXFileReference; lastKnownFileType = sourcecode.swift; path = ComparePlayerGuess.swift; sourceTree = "<group>"; };
		6B7D6CDF285F03C0009D2558 /* PlayerGuessManager.swift */ = {isa = PBXFileReference; lastKnownFileType = sourcecode.swift; path = PlayerGuessManager.swift; sourceTree = "<group>"; };
		6B7D6CE1285F04B8009D2558 /* PlayerGuessManagerImp.swift */ = {isa = PBXFileReference; lastKnownFileType = sourcecode.swift; path = PlayerGuessManagerImp.swift; sourceTree = "<group>"; };
		6BB05CE9284BB05E00DC6C88 /* ThirdAssembley.swift */ = {isa = PBXFileReference; lastKnownFileType = sourcecode.swift; path = ThirdAssembley.swift; sourceTree = "<group>"; };
		6BB05CEB284BB07000DC6C88 /* ThirdViewController.swift */ = {isa = PBXFileReference; lastKnownFileType = sourcecode.swift; path = ThirdViewController.swift; sourceTree = "<group>"; };
		6BB05CED284BB08600DC6C88 /* ThirdView.swift */ = {isa = PBXFileReference; lastKnownFileType = sourcecode.swift; path = ThirdView.swift; sourceTree = "<group>"; };
		6BB05CEF284BB0AC00DC6C88 /* ThirdViewModel.swift */ = {isa = PBXFileReference; lastKnownFileType = sourcecode.swift; path = ThirdViewModel.swift; sourceTree = "<group>"; };
		6BB05CF1284BB0BE00DC6C88 /* ThirdViewModelImp.swift */ = {isa = PBXFileReference; lastKnownFileType = sourcecode.swift; path = ThirdViewModelImp.swift; sourceTree = "<group>"; };
		6BB57EA028437CE8000BC737 /* StartViewModel.swift */ = {isa = PBXFileReference; lastKnownFileType = sourcecode.swift; path = StartViewModel.swift; sourceTree = "<group>"; };
		6BB57EA228437D41000BC737 /* StartViewModelImp.swift */ = {isa = PBXFileReference; lastKnownFileType = sourcecode.swift; path = StartViewModelImp.swift; sourceTree = "<group>"; };
		6BB57EA42843820F000BC737 /* StartAssembly.swift */ = {isa = PBXFileReference; lastKnownFileType = sourcecode.swift; path = StartAssembly.swift; sourceTree = "<group>"; };
		6BB57EAA284385BA000BC737 /* SecondViewModel.swift */ = {isa = PBXFileReference; lastKnownFileType = sourcecode.swift; path = SecondViewModel.swift; sourceTree = "<group>"; };
		6BB57EAC284385CB000BC737 /* SecondViewModelImp.swift */ = {isa = PBXFileReference; lastKnownFileType = sourcecode.swift; path = SecondViewModelImp.swift; sourceTree = "<group>"; };
		6BB57EAE28438666000BC737 /* SecondAssembley.swift */ = {isa = PBXFileReference; lastKnownFileType = sourcecode.swift; path = SecondAssembley.swift; sourceTree = "<group>"; };
		6BB57EB42843906F000BC737 /* ComputerGuessManager.swift */ = {isa = PBXFileReference; lastKnownFileType = sourcecode.swift; path = ComputerGuessManager.swift; sourceTree = "<group>"; };
		6BB57EB728439091000BC737 /* ComputerGuessManagerImp.swift */ = {isa = PBXFileReference; lastKnownFileType = sourcecode.swift; path = ComputerGuessManagerImp.swift; sourceTree = "<group>"; };
/* End PBXFileReference section */

/* Begin PBXFrameworksBuildPhase section */
		6B7BDEB4284256CE002FBD1E /* Frameworks */ = {
			isa = PBXFrameworksBuildPhase;
			buildActionMask = 2147483647;
			files = (
			);
			runOnlyForDeploymentPostprocessing = 0;
		};
/* End PBXFrameworksBuildPhase section */

/* Begin PBXGroup section */
		6B70BE1D2860E36400B1A48A /* AfterThird */ = {
			isa = PBXGroup;
			children = (
				6B70BE1E2860E39000B1A48A /* Assembley */,
				6B70BE202860E3A300B1A48A /* VeiwModel */,
				6B70BE1F2860E39C00B1A48A /* View */,
			);
			path = AfterThird;
			sourceTree = "<group>";
		};
		6B70BE1E2860E39000B1A48A /* Assembley */ = {
			isa = PBXGroup;
			children = (
				6B70BE212860E3C800B1A48A /* AfterThirdAssembley.swift */,
			);
			path = Assembley;
			sourceTree = "<group>";
		};
		6B70BE1F2860E39C00B1A48A /* View */ = {
			isa = PBXGroup;
			children = (
				6B70BE272860E59800B1A48A /* AfterThirdView.swift */,
				6B70BE292860E62100B1A48A /* AfterThirdViewController.swift */,
			);
			path = View;
			sourceTree = "<group>";
		};
		6B70BE202860E3A300B1A48A /* VeiwModel */ = {
			isa = PBXGroup;
			children = (
				6B70BE232860E43B00B1A48A /* AfterThirdViewModel.swift */,
				6B70BE252860E45100B1A48A /* AfterThirdViewModelImp.swift */,
			);
			path = VeiwModel;
			sourceTree = "<group>";
		};
		6B70BE2B2860EA2700B1A48A /* AfterSecond */ = {
			isa = PBXGroup;
			children = (
				6B70BE2C2860EA6100B1A48A /* Assembley */,
				6B70BE2D2860EA6F00B1A48A /* View */,
				6B70BE2E2860EA7600B1A48A /* ViewModel */,
			);
			path = AfterSecond;
			sourceTree = "<group>";
		};
		6B70BE2C2860EA6100B1A48A /* Assembley */ = {
			isa = PBXGroup;
			children = (
				6B70BE2F2860EA9800B1A48A /* AfterSecondAssembley.swift */,
			);
			path = Assembley;
			sourceTree = "<group>";
		};
		6B70BE2D2860EA6F00B1A48A /* View */ = {
			isa = PBXGroup;
			children = (
				6B70BE312860EB3700B1A48A /* AfterSecondView.swift */,
				6B70BE332860EB4600B1A48A /* AfterSecondViewController.swift */,
			);
			path = View;
			sourceTree = "<group>";
		};
		6B70BE2E2860EA7600B1A48A /* ViewModel */ = {
			isa = PBXGroup;
			children = (
				6B70BE352860EB6400B1A48A /* AfterSecondViewModel.swift */,
				6B70BE372860EB8900B1A48A /* AfterSecondViewModelImp.swift */,
			);
			path = ViewModel;
			sourceTree = "<group>";
		};
		6B70BE392860F56100B1A48A /* Final */ = {
			isa = PBXGroup;
			children = (
				6B70BE3A2860F5C200B1A48A /* Assembley */,
				6B70BE3B2860F5CA00B1A48A /* View */,
				6B70BE3C2860F5D800B1A48A /* ViewModel */,
			);
			path = Final;
			sourceTree = "<group>";
		};
		6B70BE3A2860F5C200B1A48A /* Assembley */ = {
			isa = PBXGroup;
			children = (
				6B70BE3D2860F5F600B1A48A /* FinalAssembley.swift */,
			);
			path = Assembley;
			sourceTree = "<group>";
		};
		6B70BE3B2860F5CA00B1A48A /* View */ = {
			isa = PBXGroup;
			children = (
				6B70BE3F2860F62C00B1A48A /* FinalView.swift */,
				6B70BE412860F63A00B1A48A /* FinalViewController.swift */,
			);
			path = View;
			sourceTree = "<group>";
		};
		6B70BE3C2860F5D800B1A48A /* ViewModel */ = {
			isa = PBXGroup;
			children = (
			);
			path = ViewModel;
			sourceTree = "<group>";
		};
		6B7BDEAE284256CE002FBD1E = {
			isa = PBXGroup;
			children = (
				6B7BDEB9284256CE002FBD1E /* GitTestGame */,
				6B7BDEB8284256CE002FBD1E /* Products */,
			);
			sourceTree = "<group>";
		};
		6B7BDEB8284256CE002FBD1E /* Products */ = {
			isa = PBXGroup;
			children = (
				6B7BDEB7284256CE002FBD1E /* GitTestGame.app */,
			);
			name = Products;
			sourceTree = "<group>";
		};
		6B7BDEB9284256CE002FBD1E /* GitTestGame */ = {
			isa = PBXGroup;
			children = (
				6B7BDEC8284256D0002FBD1E /* Info.plist */,
				6B7BDEED28428AC2002FBD1E /* Application */,
				6BB57E9A28437AC4000BC737 /* Presentation */,
			);
			path = GitTestGame;
			sourceTree = "<group>";
		};
		6B7BDEED28428AC2002FBD1E /* Application */ = {
			isa = PBXGroup;
			children = (
				6B7BDEBA284256CE002FBD1E /* AppDelegate.swift */,
				6B7BDEBC284256CE002FBD1E /* SceneDelegate.swift */,
				6B7BDEC3284256D0002FBD1E /* Assets.xcassets */,
				6B7BDEC5284256D0002FBD1E /* LaunchScreen.storyboard */,
			);
			path = Application;
			sourceTree = "<group>";
		};
		6B7D6CDC285F00F3009D2558 /* PlayerGuess */ = {
			isa = PBXGroup;
			children = (
				6B7D6CDD285F0123009D2558 /* ComparePlayerGuess.swift */,
				6B7D6CDF285F03C0009D2558 /* PlayerGuessManager.swift */,
				6B7D6CE1285F04B8009D2558 /* PlayerGuessManagerImp.swift */,
			);
			path = PlayerGuess;
			sourceTree = "<group>";
		};
		6BB05CE5284BB01C00DC6C88 /* Third */ = {
			isa = PBXGroup;
			children = (
				6BB05CE6284BB02C00DC6C88 /* Assembley */,
				6BB05CE7284BB03800DC6C88 /* View */,
				6BB05CE8284BB04300DC6C88 /* ViewModel */,
			);
			path = Third;
			sourceTree = "<group>";
		};
		6BB05CE6284BB02C00DC6C88 /* Assembley */ = {
			isa = PBXGroup;
			children = (
				6BB05CE9284BB05E00DC6C88 /* ThirdAssembley.swift */,
			);
			path = Assembley;
			sourceTree = "<group>";
		};
		6BB05CE7284BB03800DC6C88 /* View */ = {
			isa = PBXGroup;
			children = (
				6BB05CED284BB08600DC6C88 /* ThirdView.swift */,
				6BB05CEB284BB07000DC6C88 /* ThirdViewController.swift */,
			);
			path = View;
			sourceTree = "<group>";
		};
		6BB05CE8284BB04300DC6C88 /* ViewModel */ = {
			isa = PBXGroup;
			children = (
				6BB05CEF284BB0AC00DC6C88 /* ThirdViewModel.swift */,
				6BB05CF1284BB0BE00DC6C88 /* ThirdViewModelImp.swift */,
			);
			path = ViewModel;
			sourceTree = "<group>";
		};
		6BB57E9A28437AC4000BC737 /* Presentation */ = {
			isa = PBXGroup;
			children = (
				6BB57EB028438D11000BC737 /* Domain */,
				6BB57E9B28437AF4000BC737 /* Scenes */,
			);
			path = Presentation;
			sourceTree = "<group>";
		};
		6BB57E9B28437AF4000BC737 /* Scenes */ = {
			isa = PBXGroup;
			children = (
				6BB57E9C28437B09000BC737 /* Start */,
				6BB57EA628438314000BC737 /* Second */,
				6B70BE2B2860EA2700B1A48A /* AfterSecond */,
				6BB05CE5284BB01C00DC6C88 /* Third */,
				6B70BE1D2860E36400B1A48A /* AfterThird */,
				6B70BE392860F56100B1A48A /* Final */,
			);
			path = Scenes;
			sourceTree = "<group>";
		};
		6BB57E9C28437B09000BC737 /* Start */ = {
			isa = PBXGroup;
			children = (
				6BB57E9F28437BB1000BC737 /* Assembly */,
				6BB57E9D28437B96000BC737 /* View */,
				6BB57E9E28437B9E000BC737 /* ViewModel */,
			);
			path = Start;
			sourceTree = "<group>";
		};
		6BB57E9D28437B96000BC737 /* View */ = {
			isa = PBXGroup;
			children = (
				6B7BDEF028428C27002FBD1E /* StartView.swift */,
				6B7BDEBE284256CE002FBD1E /* StartViewController.swift */,
			);
			path = View;
			sourceTree = "<group>";
		};
		6BB57E9E28437B9E000BC737 /* ViewModel */ = {
			isa = PBXGroup;
			children = (
				6BB57EA028437CE8000BC737 /* StartViewModel.swift */,
				6BB57EA228437D41000BC737 /* StartViewModelImp.swift */,
			);
			path = ViewModel;
			sourceTree = "<group>";
		};
		6BB57E9F28437BB1000BC737 /* Assembly */ = {
			isa = PBXGroup;
			children = (
				6BB57EA42843820F000BC737 /* StartAssembly.swift */,
			);
			path = Assembly;
			sourceTree = "<group>";
		};
		6BB57EA628438314000BC737 /* Second */ = {
			isa = PBXGroup;
			children = (
				6BB57EA728438325000BC737 /* Assembley */,
				6BB57EA82843832E000BC737 /* View */,
				6BB57EA928438335000BC737 /* ViewModel */,
			);
			path = Second;
			sourceTree = "<group>";
		};
		6BB57EA728438325000BC737 /* Assembley */ = {
			isa = PBXGroup;
			children = (
				6BB57EAE28438666000BC737 /* SecondAssembley.swift */,
			);
			path = Assembley;
			sourceTree = "<group>";
		};
		6BB57EA82843832E000BC737 /* View */ = {
			isa = PBXGroup;
			children = (
				6B7BDEF428428C45002FBD1E /* SecondView.swift */,
				6B7BDEF228428C3A002FBD1E /* SecondViewController.swift */,
			);
			path = View;
			sourceTree = "<group>";
		};
		6BB57EA928438335000BC737 /* ViewModel */ = {
			isa = PBXGroup;
			children = (
				6BB57EAA284385BA000BC737 /* SecondViewModel.swift */,
				6BB57EAC284385CB000BC737 /* SecondViewModelImp.swift */,
			);
			path = ViewModel;
			sourceTree = "<group>";
		};
		6BB57EB028438D11000BC737 /* Domain */ = {
			isa = PBXGroup;
			children = (
				6BB57EB9284394BF000BC737 /* Entities */,
				6BB57EB32843903E000BC737 /* Managers */,
			);
			path = Domain;
			sourceTree = "<group>";
		};
		6BB57EB32843903E000BC737 /* Managers */ = {
			isa = PBXGroup;
			children = (
				6B7D6CDC285F00F3009D2558 /* PlayerGuess */,
				6BB57EB62843907A000BC737 /* ComputerGuess */,
			);
			path = Managers;
			sourceTree = "<group>";
		};
		6BB57EB62843907A000BC737 /* ComputerGuess */ = {
			isa = PBXGroup;
			children = (
				6BB57EB42843906F000BC737 /* ComputerGuessManager.swift */,
				6BB57EB728439091000BC737 /* ComputerGuessManagerImp.swift */,
			);
			path = ComputerGuess;
			sourceTree = "<group>";
		};
		6BB57EB9284394BF000BC737 /* Entities */ = {
			isa = PBXGroup;
			children = (
			);
			path = Entities;
			sourceTree = "<group>";
		};
/* End PBXGroup section */

/* Begin PBXNativeTarget section */
		6B7BDEB6284256CE002FBD1E /* GitTestGame */ = {
			isa = PBXNativeTarget;
			buildConfigurationList = 6B7BDECB284256D0002FBD1E /* Build configuration list for PBXNativeTarget "GitTestGame" */;
			buildPhases = (
				6B7BDEB3284256CE002FBD1E /* Sources */,
				6B7BDEB4284256CE002FBD1E /* Frameworks */,
				6B7BDEB5284256CE002FBD1E /* Resources */,
			);
			buildRules = (
			);
			dependencies = (
			);
			name = GitTestGame;
			productName = GitTestGame;
			productReference = 6B7BDEB7284256CE002FBD1E /* GitTestGame.app */;
			productType = "com.apple.product-type.application";
		};
/* End PBXNativeTarget section */

/* Begin PBXProject section */
		6B7BDEAF284256CE002FBD1E /* Project object */ = {
			isa = PBXProject;
			attributes = {
				BuildIndependentTargetsInParallel = 1;
				LastSwiftUpdateCheck = 1320;
				LastUpgradeCheck = 1320;
				TargetAttributes = {
					6B7BDEB6284256CE002FBD1E = {
						CreatedOnToolsVersion = 13.2.1;
					};
				};
			};
			buildConfigurationList = 6B7BDEB2284256CE002FBD1E /* Build configuration list for PBXProject "GitTestGame" */;
			compatibilityVersion = "Xcode 13.0";
			developmentRegion = en;
			hasScannedForEncodings = 0;
			knownRegions = (
				en,
				Base,
			);
			mainGroup = 6B7BDEAE284256CE002FBD1E;
			productRefGroup = 6B7BDEB8284256CE002FBD1E /* Products */;
			projectDirPath = "";
			projectRoot = "";
			targets = (
				6B7BDEB6284256CE002FBD1E /* GitTestGame */,
			);
		};
/* End PBXProject section */

/* Begin PBXResourcesBuildPhase section */
		6B7BDEB5284256CE002FBD1E /* Resources */ = {
			isa = PBXResourcesBuildPhase;
			buildActionMask = 2147483647;
			files = (
				6B7BDEC7284256D0002FBD1E /* LaunchScreen.storyboard in Resources */,
				6B7BDEC4284256D0002FBD1E /* Assets.xcassets in Resources */,
			);
			runOnlyForDeploymentPostprocessing = 0;
		};
/* End PBXResourcesBuildPhase section */

/* Begin PBXSourcesBuildPhase section */
		6B7BDEB3284256CE002FBD1E /* Sources */ = {
			isa = PBXSourcesBuildPhase;
			buildActionMask = 2147483647;
			files = (
				6B7BDEF528428C45002FBD1E /* SecondView.swift in Sources */,
				6BB57EA52843820F000BC737 /* StartAssembly.swift in Sources */,
				6B7BDEBF284256CE002FBD1E /* StartViewController.swift in Sources */,
				6B70BE262860E45100B1A48A /* AfterThirdViewModelImp.swift in Sources */,
				6B70BE302860EA9800B1A48A /* AfterSecondAssembley.swift in Sources */,
				6B70BE402860F62C00B1A48A /* FinalView.swift in Sources */,
				6BB57EAB284385BA000BC737 /* SecondViewModel.swift in Sources */,
				6B7BDEBB284256CE002FBD1E /* AppDelegate.swift in Sources */,
				6BB57EA128437CE8000BC737 /* StartViewModel.swift in Sources */,
				6B7D6CE0285F03C0009D2558 /* PlayerGuessManager.swift in Sources */,
				6BB05CEE284BB08600DC6C88 /* ThirdView.swift in Sources */,
				6B7BDEBD284256CE002FBD1E /* SceneDelegate.swift in Sources */,
				6B70BE362860EB6400B1A48A /* AfterSecondViewModel.swift in Sources */,
				6BB57EA328437D41000BC737 /* StartViewModelImp.swift in Sources */,
				6BB57EB52843906F000BC737 /* ComputerGuessManager.swift in Sources */,
				6B70BE422860F63A00B1A48A /* FinalViewController.swift in Sources */,
				6B70BE222860E3C800B1A48A /* AfterThirdAssembley.swift in Sources */,
				6B70BE2A2860E62100B1A48A /* AfterThirdViewController.swift in Sources */,
				6BB05CF2284BB0BE00DC6C88 /* ThirdViewModelImp.swift in Sources */,
				6B70BE322860EB3700B1A48A /* AfterSecondView.swift in Sources */,
				6B70BE342860EB4600B1A48A /* AfterSecondViewController.swift in Sources */,
				6B70BE242860E43B00B1A48A /* AfterThirdViewModel.swift in Sources */,
				6B7BDEF328428C3A002FBD1E /* SecondViewController.swift in Sources */,
				6BB57EB828439091000BC737 /* ComputerGuessManagerImp.swift in Sources */,
				6BB05CF0284BB0AC00DC6C88 /* ThirdViewModel.swift in Sources */,
				6B7D6CDE285F0123009D2558 /* ComparePlayerGuess.swift in Sources */,
				6B70BE382860EB8900B1A48A /* AfterSecondViewModelImp.swift in Sources */,
				6B70BE282860E59800B1A48A /* AfterThirdView.swift in Sources */,
				6B70BE3E2860F5F600B1A48A /* FinalAssembley.swift in Sources */,
				6BB05CEA284BB05E00DC6C88 /* ThirdAssembley.swift in Sources */,
				6BB57EAD284385CB000BC737 /* SecondViewModelImp.swift in Sources */,
				6BB57EAF28438666000BC737 /* SecondAssembley.swift in Sources */,
				6BB05CEC284BB07000DC6C88 /* ThirdViewController.swift in Sources */,
				6B7BDEF128428C27002FBD1E /* StartView.swift in Sources */,
				6B7D6CE2285F04B8009D2558 /* PlayerGuessManagerImp.swift in Sources */,
			);
			runOnlyForDeploymentPostprocessing = 0;
		};
/* End PBXSourcesBuildPhase section */

/* Begin PBXVariantGroup section */
		6B7BDEC5284256D0002FBD1E /* LaunchScreen.storyboard */ = {
			isa = PBXVariantGroup;
			children = (
				6B7BDEC6284256D0002FBD1E /* Base */,
			);
			name = LaunchScreen.storyboard;
			sourceTree = "<group>";
		};
/* End PBXVariantGroup section */

/* Begin XCBuildConfiguration section */
		6B7BDEC9284256D0002FBD1E /* Debug */ = {
			isa = XCBuildConfiguration;
			buildSettings = {
				ALWAYS_SEARCH_USER_PATHS = NO;
				CLANG_ANALYZER_NONNULL = YES;
				CLANG_ANALYZER_NUMBER_OBJECT_CONVERSION = YES_AGGRESSIVE;
				CLANG_CXX_LANGUAGE_STANDARD = "gnu++17";
				CLANG_CXX_LIBRARY = "libc++";
				CLANG_ENABLE_MODULES = YES;
				CLANG_ENABLE_OBJC_ARC = YES;
				CLANG_ENABLE_OBJC_WEAK = YES;
				CLANG_WARN_BLOCK_CAPTURE_AUTORELEASING = YES;
				CLANG_WARN_BOOL_CONVERSION = YES;
				CLANG_WARN_COMMA = YES;
				CLANG_WARN_CONSTANT_CONVERSION = YES;
				CLANG_WARN_DEPRECATED_OBJC_IMPLEMENTATIONS = YES;
				CLANG_WARN_DIRECT_OBJC_ISA_USAGE = YES_ERROR;
				CLANG_WARN_DOCUMENTATION_COMMENTS = YES;
				CLANG_WARN_EMPTY_BODY = YES;
				CLANG_WARN_ENUM_CONVERSION = YES;
				CLANG_WARN_INFINITE_RECURSION = YES;
				CLANG_WARN_INT_CONVERSION = YES;
				CLANG_WARN_NON_LITERAL_NULL_CONVERSION = YES;
				CLANG_WARN_OBJC_IMPLICIT_RETAIN_SELF = YES;
				CLANG_WARN_OBJC_LITERAL_CONVERSION = YES;
				CLANG_WARN_OBJC_ROOT_CLASS = YES_ERROR;
				CLANG_WARN_QUOTED_INCLUDE_IN_FRAMEWORK_HEADER = YES;
				CLANG_WARN_RANGE_LOOP_ANALYSIS = YES;
				CLANG_WARN_STRICT_PROTOTYPES = YES;
				CLANG_WARN_SUSPICIOUS_MOVE = YES;
				CLANG_WARN_UNGUARDED_AVAILABILITY = YES_AGGRESSIVE;
				CLANG_WARN_UNREACHABLE_CODE = YES;
				CLANG_WARN__DUPLICATE_METHOD_MATCH = YES;
				COPY_PHASE_STRIP = NO;
				DEBUG_INFORMATION_FORMAT = dwarf;
				ENABLE_STRICT_OBJC_MSGSEND = YES;
				ENABLE_TESTABILITY = YES;
				GCC_C_LANGUAGE_STANDARD = gnu11;
				GCC_DYNAMIC_NO_PIC = NO;
				GCC_NO_COMMON_BLOCKS = YES;
				GCC_OPTIMIZATION_LEVEL = 0;
				GCC_PREPROCESSOR_DEFINITIONS = (
					"DEBUG=1",
					"$(inherited)",
				);
				GCC_WARN_64_TO_32_BIT_CONVERSION = YES;
				GCC_WARN_ABOUT_RETURN_TYPE = YES_ERROR;
				GCC_WARN_UNDECLARED_SELECTOR = YES;
				GCC_WARN_UNINITIALIZED_AUTOS = YES_AGGRESSIVE;
				GCC_WARN_UNUSED_FUNCTION = YES;
				GCC_WARN_UNUSED_VARIABLE = YES;
				IPHONEOS_DEPLOYMENT_TARGET = 15.2;
				MTL_ENABLE_DEBUG_INFO = INCLUDE_SOURCE;
				MTL_FAST_MATH = YES;
				ONLY_ACTIVE_ARCH = YES;
				SDKROOT = iphoneos;
				SWIFT_ACTIVE_COMPILATION_CONDITIONS = DEBUG;
				SWIFT_OPTIMIZATION_LEVEL = "-Onone";
			};
			name = Debug;
		};
		6B7BDECA284256D0002FBD1E /* Release */ = {
			isa = XCBuildConfiguration;
			buildSettings = {
				ALWAYS_SEARCH_USER_PATHS = NO;
				CLANG_ANALYZER_NONNULL = YES;
				CLANG_ANALYZER_NUMBER_OBJECT_CONVERSION = YES_AGGRESSIVE;
				CLANG_CXX_LANGUAGE_STANDARD = "gnu++17";
				CLANG_CXX_LIBRARY = "libc++";
				CLANG_ENABLE_MODULES = YES;
				CLANG_ENABLE_OBJC_ARC = YES;
				CLANG_ENABLE_OBJC_WEAK = YES;
				CLANG_WARN_BLOCK_CAPTURE_AUTORELEASING = YES;
				CLANG_WARN_BOOL_CONVERSION = YES;
				CLANG_WARN_COMMA = YES;
				CLANG_WARN_CONSTANT_CONVERSION = YES;
				CLANG_WARN_DEPRECATED_OBJC_IMPLEMENTATIONS = YES;
				CLANG_WARN_DIRECT_OBJC_ISA_USAGE = YES_ERROR;
				CLANG_WARN_DOCUMENTATION_COMMENTS = YES;
				CLANG_WARN_EMPTY_BODY = YES;
				CLANG_WARN_ENUM_CONVERSION = YES;
				CLANG_WARN_INFINITE_RECURSION = YES;
				CLANG_WARN_INT_CONVERSION = YES;
				CLANG_WARN_NON_LITERAL_NULL_CONVERSION = YES;
				CLANG_WARN_OBJC_IMPLICIT_RETAIN_SELF = YES;
				CLANG_WARN_OBJC_LITERAL_CONVERSION = YES;
				CLANG_WARN_OBJC_ROOT_CLASS = YES_ERROR;
				CLANG_WARN_QUOTED_INCLUDE_IN_FRAMEWORK_HEADER = YES;
				CLANG_WARN_RANGE_LOOP_ANALYSIS = YES;
				CLANG_WARN_STRICT_PROTOTYPES = YES;
				CLANG_WARN_SUSPICIOUS_MOVE = YES;
				CLANG_WARN_UNGUARDED_AVAILABILITY = YES_AGGRESSIVE;
				CLANG_WARN_UNREACHABLE_CODE = YES;
				CLANG_WARN__DUPLICATE_METHOD_MATCH = YES;
				COPY_PHASE_STRIP = NO;
				DEBUG_INFORMATION_FORMAT = "dwarf-with-dsym";
				ENABLE_NS_ASSERTIONS = NO;
				ENABLE_STRICT_OBJC_MSGSEND = YES;
				GCC_C_LANGUAGE_STANDARD = gnu11;
				GCC_NO_COMMON_BLOCKS = YES;
				GCC_WARN_64_TO_32_BIT_CONVERSION = YES;
				GCC_WARN_ABOUT_RETURN_TYPE = YES_ERROR;
				GCC_WARN_UNDECLARED_SELECTOR = YES;
				GCC_WARN_UNINITIALIZED_AUTOS = YES_AGGRESSIVE;
				GCC_WARN_UNUSED_FUNCTION = YES;
				GCC_WARN_UNUSED_VARIABLE = YES;
				IPHONEOS_DEPLOYMENT_TARGET = 15.2;
				MTL_ENABLE_DEBUG_INFO = NO;
				MTL_FAST_MATH = YES;
				SDKROOT = iphoneos;
				SWIFT_COMPILATION_MODE = wholemodule;
				SWIFT_OPTIMIZATION_LEVEL = "-O";
				VALIDATE_PRODUCT = YES;
			};
			name = Release;
		};
		6B7BDECC284256D0002FBD1E /* Debug */ = {
			isa = XCBuildConfiguration;
			buildSettings = {
				ASSETCATALOG_COMPILER_APPICON_NAME = AppIcon;
				ASSETCATALOG_COMPILER_GLOBAL_ACCENT_COLOR_NAME = AccentColor;
				CODE_SIGN_STYLE = Automatic;
				CURRENT_PROJECT_VERSION = 1;
				GENERATE_INFOPLIST_FILE = YES;
				INFOPLIST_FILE = GitTestGame/Info.plist;
				INFOPLIST_KEY_UIApplicationSupportsIndirectInputEvents = YES;
				INFOPLIST_KEY_UILaunchStoryboardName = LaunchScreen;
				INFOPLIST_KEY_UISupportedInterfaceOrientations_iPad = "UIInterfaceOrientationPortrait UIInterfaceOrientationPortraitUpsideDown UIInterfaceOrientationLandscapeLeft UIInterfaceOrientationLandscapeRight";
				INFOPLIST_KEY_UISupportedInterfaceOrientations_iPhone = "UIInterfaceOrientationPortrait UIInterfaceOrientationLandscapeLeft UIInterfaceOrientationLandscapeRight";
				LD_RUNPATH_SEARCH_PATHS = (
					"$(inherited)",
					"@executable_path/Frameworks",
				);
				MARKETING_VERSION = 1.0;
				PRODUCT_BUNDLE_IDENTIFIER = IOS.GitTestGame;
				PRODUCT_NAME = "$(TARGET_NAME)";
				SWIFT_EMIT_LOC_STRINGS = YES;
				SWIFT_VERSION = 5.0;
				TARGETED_DEVICE_FAMILY = "1,2";
			};
			name = Debug;
		};
		6B7BDECD284256D0002FBD1E /* Release */ = {
			isa = XCBuildConfiguration;
			buildSettings = {
				ASSETCATALOG_COMPILER_APPICON_NAME = AppIcon;
				ASSETCATALOG_COMPILER_GLOBAL_ACCENT_COLOR_NAME = AccentColor;
				CODE_SIGN_STYLE = Automatic;
				CURRENT_PROJECT_VERSION = 1;
				GENERATE_INFOPLIST_FILE = YES;
				INFOPLIST_FILE = GitTestGame/Info.plist;
				INFOPLIST_KEY_UIApplicationSupportsIndirectInputEvents = YES;
				INFOPLIST_KEY_UILaunchStoryboardName = LaunchScreen;
				INFOPLIST_KEY_UISupportedInterfaceOrientations_iPad = "UIInterfaceOrientationPortrait UIInterfaceOrientationPortraitUpsideDown UIInterfaceOrientationLandscapeLeft UIInterfaceOrientationLandscapeRight";
				INFOPLIST_KEY_UISupportedInterfaceOrientations_iPhone = "UIInterfaceOrientationPortrait UIInterfaceOrientationLandscapeLeft UIInterfaceOrientationLandscapeRight";
				LD_RUNPATH_SEARCH_PATHS = (
					"$(inherited)",
					"@executable_path/Frameworks",
				);
				MARKETING_VERSION = 1.0;
				PRODUCT_BUNDLE_IDENTIFIER = IOS.GitTestGame;
				PRODUCT_NAME = "$(TARGET_NAME)";
				SWIFT_EMIT_LOC_STRINGS = YES;
				SWIFT_VERSION = 5.0;
				TARGETED_DEVICE_FAMILY = "1,2";
			};
			name = Release;
		};
/* End XCBuildConfiguration section */

/* Begin XCConfigurationList section */
		6B7BDEB2284256CE002FBD1E /* Build configuration list for PBXProject "GitTestGame" */ = {
			isa = XCConfigurationList;
			buildConfigurations = (
				6B7BDEC9284256D0002FBD1E /* Debug */,
				6B7BDECA284256D0002FBD1E /* Release */,
			);
			defaultConfigurationIsVisible = 0;
			defaultConfigurationName = Release;
		};
		6B7BDECB284256D0002FBD1E /* Build configuration list for PBXNativeTarget "GitTestGame" */ = {
			isa = XCConfigurationList;
			buildConfigurations = (
				6B7BDECC284256D0002FBD1E /* Debug */,
				6B7BDECD284256D0002FBD1E /* Release */,
			);
			defaultConfigurationIsVisible = 0;
			defaultConfigurationName = Release;
		};
/* End XCConfigurationList section */
	};
	rootObject = 6B7BDEAF284256CE002FBD1E /* Project object */;
}
